
Microsoft Visual Studio Solution File, Format Version 12.00
# Visual Studio Version 17
VisualStudioVersion = 17.5.33516.290
MinimumVisualStudioVersion = 10.0.40219.1
Project("{FAE04EC0-301F-11D3-BF4B-00C04F79EFBC}") = "PhotoBase", "PhotoBase.csproj", "{363F533C-4C20-459C-8835-85BA92A1B8EF}"
EndProject
Global
	GlobalSection(SolutionConfigurationPlatforms) = preSolution
		Debug|Any CPU = Debug|Any CPU
		Release|Any CPU = Release|Any CPU
	EndGlobalSection
	GlobalSection(ProjectConfigurationPlatforms) = postSolution
		{363F533C-4C20-459C-8835-85BA92A1B8EF}.Debug|Any CPU.ActiveCfg = Debug|Any CPU
		{363F533C-4C20-459C-8835-85BA92A1B8EF}.Debug|Any CPU.Build.0 = Debug|Any CPU
		{363F533C-4C20-459C-8835-85BA92A1B8EF}.Release|Any CPU.ActiveCfg = Release|Any CPU
		{363F533C-4C20-459C-8835-85BA92A1B8EF}.Release|Any CPU.Build.0 = Release|Any CPU
	EndGlobalSection
	GlobalSection(SolutionProperties) = preSolution
		HideSolutionNode = FALSE
	EndGlobalSection
	GlobalSection(ExtensibilityGlobals) = postSolution
		SolutionGuid = {5A697AC8-5BAA-457E-813B-A86719F83099}
	EndGlobalSection
EndGlobal
